
Microsoft Visual Studio Solution File, Format Version 12.00
# Visual Studio 15
VisualStudioVersion = 15.0.28307.136
MinimumVisualStudioVersion = 10.0.40219.1
Project("{FAE04EC0-301F-11D3-BF4B-00C04F79EFBC}") = "ColeccMP3", "ColeccMP3\ColeccMP3.csproj", "{4AD38BEE-4DC3-417F-B581-EBB3E3BE1C3E}"
EndProject
Global
	GlobalSection(SolutionConfigurationPlatforms) = preSolution
		Debug|Any CPU = Debug|Any CPU
		Release|Any CPU = Release|Any CPU
	EndGlobalSection
	GlobalSection(ProjectConfigurationPlatforms) = postSolution
		{4AD38BEE-4DC3-417F-B581-EBB3E3BE1C3E}.Debug|Any CPU.ActiveCfg = Debug|Any CPU
		{4AD38BEE-4DC3-417F-B581-EBB3E3BE1C3E}.Debug|Any CPU.Build.0 = Debug|Any CPU
		{4AD38BEE-4DC3-417F-B581-EBB3E3BE1C3E}.Release|Any CPU.ActiveCfg = Release|Any CPU
		{4AD38BEE-4DC3-417F-B581-EBB3E3BE1C3E}.Release|Any CPU.Build.0 = Release|Any CPU
	EndGlobalSection
	GlobalSection(SolutionProperties) = preSolution
		HideSolutionNode = FALSE
	EndGlobalSection
	GlobalSection(ExtensibilityGlobals) = postSolution
		SolutionGuid = {C39B4422-39A8-4DDE-AE70-E69502197F43}
	EndGlobalSection
EndGlobal
